Microsoft Visual Studio Solution File, Format Version 12.00
# Visual Studio Version 17
VisualStudioVersion = 17.5.2.0
MinimumVisualStudioVersion = 10.0.40219.1
Project("{FAE04EC0-301F-11D3-BF4B-00C04F79EFBC}") = "SystemBrightSpotBE", "SystemBrightSpotBE.csproj", "{9FE27F89-EDDE-D4E6-5DA5-DAFD75251C68}"
EndProject
Global
	GlobalSection(SolutionConfigurationPlatforms) = preSolution
		Debug|Any CPU = Debug|Any CPU
		Release|Any CPU = Release|Any CPU
	EndGlobalSection
	GlobalSection(ProjectConfigurationPlatforms) = postSolution
		{9FE27F89-EDDE-D4E6-5DA5-DAFD75251C68}.Debug|Any CPU.ActiveCfg = Debug|Any CPU
		{9FE27F89-EDDE-D4E6-5DA5-DAFD75251C68}.Debug|Any CPU.Build.0 = Debug|Any CPU
		{9FE27F89-EDDE-D4E6-5DA5-DAFD75251C68}.Release|Any CPU.ActiveCfg = Release|Any CPU
		{9FE27F89-EDDE-D4E6-5DA5-DAFD75251C68}.Release|Any CPU.Build.0 = Release|Any CPU
	EndGlobalSection
	GlobalSection(SolutionProperties) = preSolution
		HideSolutionNode = FALSE
	EndGlobalSection
	GlobalSection(ExtensibilityGlobals) = postSolution
		SolutionGuid = {BEDEDF51-D195-48E9-A0D7-94F3CB651FE3}
	EndGlobalSection
EndGlobal
